
Microsoft Visual Studio Solution File, Format Version 12.00
# Visual Studio 15
Project("{FAE04EC0-301F-11D3-BF4B-00C04F79EFBC}") = "Project3Demo", "Project3Demo.csproj", "{45BC9054-CEDF-20B5-5F9C-665A990563A0}"
EndProject
Project("{FAE04EC0-301F-11D3-BF4B-00C04F79EFBC}") = "Project3Demo.Editor", "Project3Demo.Editor.csproj", "{97D808E8-3A61-4132-1932-4B9D2BC2C319}"
EndProject
Global
	GlobalSection(SolutionConfigurationPlatforms) = preSolution
		Debug|Any CPU = Debug|Any CPU
		Release|Any CPU = Release|Any CPU
	EndGlobalSection
	GlobalSection(ProjectConfigurationPlatforms) = postSolution
		{45BC9054-CEDF-20B5-5F9C-665A990563A0}.Debug|Any CPU.ActiveCfg = Debug|Any CPU
		{45BC9054-CEDF-20B5-5F9C-665A990563A0}.Debug|Any CPU.Build.0 = Debug|Any CPU
		{45BC9054-CEDF-20B5-5F9C-665A990563A0}.Release|Any CPU.ActiveCfg = Release|Any CPU
		{45BC9054-CEDF-20B5-5F9C-665A990563A0}.Release|Any CPU.Build.0 = Release|Any CPU
		{97D808E8-3A61-4132-1932-4B9D2BC2C319}.Debug|Any CPU.ActiveCfg = Debug|Any CPU
		{97D808E8-3A61-4132-1932-4B9D2BC2C319}.Debug|Any CPU.Build.0 = Debug|Any CPU
		{97D808E8-3A61-4132-1932-4B9D2BC2C319}.Release|Any CPU.ActiveCfg = Release|Any CPU
		{97D808E8-3A61-4132-1932-4B9D2BC2C319}.Release|Any CPU.Build.0 = Release|Any CPU
	EndGlobalSection
	GlobalSection(SolutionProperties) = preSolution
		HideSolutionNode = FALSE
	EndGlobalSection
EndGlobal
